
Microsoft Visual Studio Solution File, Format Version 12.00
# Visual Studio 2012
Project("{FAE04EC0-301F-11D3-BF4B-00C04F79EFBC}") = "BinarySearchTree", "BinarySearchTree\BinarySearchTree.csproj", "{38D78B90-4DAA-4764-B0AC-296F4B2F212C}"
EndProject
Global
	GlobalSection(SolutionConfigurationPlatforms) = preSolution
		Debug|x86 = Debug|x86
		Release|x86 = Release|x86
	EndGlobalSection
	GlobalSection(ProjectConfigurationPlatforms) = postSolution
		{38D78B90-4DAA-4764-B0AC-296F4B2F212C}.Debug|x86.ActiveCfg = Debug|x86
		{38D78B90-4DAA-4764-B0AC-296F4B2F212C}.Debug|x86.Build.0 = Debug|x86
		{38D78B90-4DAA-4764-B0AC-296F4B2F212C}.Release|x86.ActiveCfg = Release|x86
		{38D78B90-4DAA-4764-B0AC-296F4B2F212C}.Release|x86.Build.0 = Release|x86
	EndGlobalSection
EndGlobal
